
Microsoft Visual Studio Solution File, Format Version 12.00
# Visual Studio Version 16
VisualStudioVersion = 16.0.33529.622
MinimumVisualStudioVersion = 10.0.40219.1
Project("{FAE04EC0-301F-11D3-BF4B-00C04F79EFBC}") = "zad1_wpf", "zad1_wpf\zad1_wpf.csproj", "{0C118D4B-BEE0-4970-8B29-CA4A41B27B48}"
EndProject
Global
	GlobalSection(SolutionConfigurationPlatforms) = preSolution
		Debug|Any CPU = Debug|Any CPU
		Release|Any CPU = Release|Any CPU
	EndGlobalSection
	GlobalSection(ProjectConfigurationPlatforms) = postSolution
		{0C118D4B-BEE0-4970-8B29-CA4A41B27B48}.Debug|Any CPU.ActiveCfg = Debug|Any CPU
		{0C118D4B-BEE0-4970-8B29-CA4A41B27B48}.Debug|Any CPU.Build.0 = Debug|Any CPU
		{0C118D4B-BEE0-4970-8B29-CA4A41B27B48}.Release|Any CPU.ActiveCfg = Release|Any CPU
		{0C118D4B-BEE0-4970-8B29-CA4A41B27B48}.Release|Any CPU.Build.0 = Release|Any CPU
	EndGlobalSection
	GlobalSection(SolutionProperties) = preSolution
		HideSolutionNode = FALSE
	EndGlobalSection
	GlobalSection(ExtensibilityGlobals) = postSolution
		SolutionGuid = {B223FBA1-F09F-4E09-995A-B7D94884BF3B}
	EndGlobalSection
EndGlobal
