
Microsoft Visual Studio Solution File, Format Version 12.00
# Visual Studio Version 17
VisualStudioVersion = 17.3.32929.385
MinimumVisualStudioVersion = 10.0.40219.1
Project("{FAE04EC0-301F-11D3-BF4B-00C04F79EFBC}") = "zad3", "zad3.csproj", "{BB9B78BE-9F95-483B-8BFF-AA8E09D05870}"
EndProject
Global
	GlobalSection(SolutionConfigurationPlatforms) = preSolution
		Debug|Any CPU = Debug|Any CPU
		Release|Any CPU = Release|Any CPU
	EndGlobalSection
	GlobalSection(ProjectConfigurationPlatforms) = postSolution
		{BB9B78BE-9F95-483B-8BFF-AA8E09D05870}.Debug|Any CPU.ActiveCfg = Debug|Any CPU
		{BB9B78BE-9F95-483B-8BFF-AA8E09D05870}.Debug|Any CPU.Build.0 = Debug|Any CPU
		{BB9B78BE-9F95-483B-8BFF-AA8E09D05870}.Release|Any CPU.ActiveCfg = Release|Any CPU
		{BB9B78BE-9F95-483B-8BFF-AA8E09D05870}.Release|Any CPU.Build.0 = Release|Any CPU
	EndGlobalSection
	GlobalSection(SolutionProperties) = preSolution
		HideSolutionNode = FALSE
	EndGlobalSection
	GlobalSection(ExtensibilityGlobals) = postSolution
		SolutionGuid = {F14D63FF-401C-4E78-BC5E-BF66409FF039}
	EndGlobalSection
EndGlobal
