
Microsoft Visual Studio Solution File, Format Version 12.00
# Visual Studio Version 16
VisualStudioVersion = 16.0.33529.622
MinimumVisualStudioVersion = 10.0.40219.1
Project("{FAE04EC0-301F-11D3-BF4B-00C04F79EFBC}") = "zaddop1_wpf", "zaddop1_wpf\zaddop1_wpf.csproj", "{9F266B2B-6E22-4022-A64E-E2D274C0EE6F}"
EndProject
Global
	GlobalSection(SolutionConfigurationPlatforms) = preSolution
		Debug|Any CPU = Debug|Any CPU
		Release|Any CPU = Release|Any CPU
	EndGlobalSection
	GlobalSection(ProjectConfigurationPlatforms) = postSolution
		{9F266B2B-6E22-4022-A64E-E2D274C0EE6F}.Debug|Any CPU.ActiveCfg = Debug|Any CPU
		{9F266B2B-6E22-4022-A64E-E2D274C0EE6F}.Debug|Any CPU.Build.0 = Debug|Any CPU
		{9F266B2B-6E22-4022-A64E-E2D274C0EE6F}.Release|Any CPU.ActiveCfg = Release|Any CPU
		{9F266B2B-6E22-4022-A64E-E2D274C0EE6F}.Release|Any CPU.Build.0 = Release|Any CPU
	EndGlobalSection
	GlobalSection(SolutionProperties) = preSolution
		HideSolutionNode = FALSE
	EndGlobalSection
	GlobalSection(ExtensibilityGlobals) = postSolution
		SolutionGuid = {A7ACE56D-D82C-4D9A-BF06-E909E72592A7}
	EndGlobalSection
EndGlobal
