
Microsoft Visual Studio Solution File, Format Version 12.00
# Visual Studio Version 16
VisualStudioVersion = 16.0.33529.622
MinimumVisualStudioVersion = 10.0.40219.1
Project("{FAE04EC0-301F-11D3-BF4B-00C04F79EFBC}") = "zad3_wpf", "zad3_wpf\zad3_wpf.csproj", "{229AA522-39BB-4268-AAC9-BF6FBEE67919}"
EndProject
Global
	GlobalSection(SolutionConfigurationPlatforms) = preSolution
		Debug|Any CPU = Debug|Any CPU
		Release|Any CPU = Release|Any CPU
	EndGlobalSection
	GlobalSection(ProjectConfigurationPlatforms) = postSolution
		{229AA522-39BB-4268-AAC9-BF6FBEE67919}.Debug|Any CPU.ActiveCfg = Debug|Any CPU
		{229AA522-39BB-4268-AAC9-BF6FBEE67919}.Debug|Any CPU.Build.0 = Debug|Any CPU
		{229AA522-39BB-4268-AAC9-BF6FBEE67919}.Release|Any CPU.ActiveCfg = Release|Any CPU
		{229AA522-39BB-4268-AAC9-BF6FBEE67919}.Release|Any CPU.Build.0 = Release|Any CPU
	EndGlobalSection
	GlobalSection(SolutionProperties) = preSolution
		HideSolutionNode = FALSE
	EndGlobalSection
	GlobalSection(ExtensibilityGlobals) = postSolution
		SolutionGuid = {BEF5A594-7013-4D3F-B214-22D96622B916}
	EndGlobalSection
EndGlobal
