
Microsoft Visual Studio Solution File, Format Version 12.00
# Visual Studio Version 17
VisualStudioVersion = 17.3.32929.385
MinimumVisualStudioVersion = 10.0.40219.1
Project("{FAE04EC0-301F-11D3-BF4B-00C04F79EFBC}") = "zad1", "zad1.csproj", "{3948BF15-6F75-45CE-A5B0-BD27FEC9DF6E}"
EndProject
Global
	GlobalSection(SolutionConfigurationPlatforms) = preSolution
		Debug|Any CPU = Debug|Any CPU
		Release|Any CPU = Release|Any CPU
	EndGlobalSection
	GlobalSection(ProjectConfigurationPlatforms) = postSolution
		{3948BF15-6F75-45CE-A5B0-BD27FEC9DF6E}.Debug|Any CPU.ActiveCfg = Debug|Any CPU
		{3948BF15-6F75-45CE-A5B0-BD27FEC9DF6E}.Debug|Any CPU.Build.0 = Debug|Any CPU
		{3948BF15-6F75-45CE-A5B0-BD27FEC9DF6E}.Release|Any CPU.ActiveCfg = Release|Any CPU
		{3948BF15-6F75-45CE-A5B0-BD27FEC9DF6E}.Release|Any CPU.Build.0 = Release|Any CPU
	EndGlobalSection
	GlobalSection(SolutionProperties) = preSolution
		HideSolutionNode = FALSE
	EndGlobalSection
	GlobalSection(ExtensibilityGlobals) = postSolution
		SolutionGuid = {823C5DCF-5066-4F84-97AF-AF7F8468B657}
	EndGlobalSection
EndGlobal
