
Microsoft Visual Studio Solution File, Format Version 12.00
# Visual Studio Version 17
VisualStudioVersion = 17.3.32929.385
MinimumVisualStudioVersion = 10.0.40219.1
Project("{FAE04EC0-301F-11D3-BF4B-00C04F79EFBC}") = "zad4", "zad4.csproj", "{DEE5F188-2BC9-46E1-B06F-38A9DF68C69B}"
EndProject
Global
	GlobalSection(SolutionConfigurationPlatforms) = preSolution
		Debug|Any CPU = Debug|Any CPU
		Release|Any CPU = Release|Any CPU
	EndGlobalSection
	GlobalSection(ProjectConfigurationPlatforms) = postSolution
		{DEE5F188-2BC9-46E1-B06F-38A9DF68C69B}.Debug|Any CPU.ActiveCfg = Debug|Any CPU
		{DEE5F188-2BC9-46E1-B06F-38A9DF68C69B}.Debug|Any CPU.Build.0 = Debug|Any CPU
		{DEE5F188-2BC9-46E1-B06F-38A9DF68C69B}.Release|Any CPU.ActiveCfg = Release|Any CPU
		{DEE5F188-2BC9-46E1-B06F-38A9DF68C69B}.Release|Any CPU.Build.0 = Release|Any CPU
	EndGlobalSection
	GlobalSection(SolutionProperties) = preSolution
		HideSolutionNode = FALSE
	EndGlobalSection
	GlobalSection(ExtensibilityGlobals) = postSolution
		SolutionGuid = {504FEEB8-74B5-4217-875C-92DC0E0CB4A1}
	EndGlobalSection
EndGlobal
