
Microsoft Visual Studio Solution File, Format Version 12.00
# Visual Studio Version 16
VisualStudioVersion = 16.0.33529.622
MinimumVisualStudioVersion = 10.0.40219.1
Project("{FAE04EC0-301F-11D3-BF4B-00C04F79EFBC}") = "zad4", "zad4\zad4.csproj", "{F34DDE06-F8A0-48DD-92DD-0E3D22E97695}"
EndProject
Global
	GlobalSection(SolutionConfigurationPlatforms) = preSolution
		Debug|Any CPU = Debug|Any CPU
		Release|Any CPU = Release|Any CPU
	EndGlobalSection
	GlobalSection(ProjectConfigurationPlatforms) = postSolution
		{F34DDE06-F8A0-48DD-92DD-0E3D22E97695}.Debug|Any CPU.ActiveCfg = Debug|Any CPU
		{F34DDE06-F8A0-48DD-92DD-0E3D22E97695}.Debug|Any CPU.Build.0 = Debug|Any CPU
		{F34DDE06-F8A0-48DD-92DD-0E3D22E97695}.Release|Any CPU.ActiveCfg = Release|Any CPU
		{F34DDE06-F8A0-48DD-92DD-0E3D22E97695}.Release|Any CPU.Build.0 = Release|Any CPU
	EndGlobalSection
	GlobalSection(SolutionProperties) = preSolution
		HideSolutionNode = FALSE
	EndGlobalSection
	GlobalSection(ExtensibilityGlobals) = postSolution
		SolutionGuid = {0249D694-1E23-426C-AC87-4C99E992586B}
	EndGlobalSection
EndGlobal
